
Microsoft Visual Studio Solution File, Format Version 12.00
# Visual Studio Version 16
VisualStudioVersion = 16.0.29403.142
MinimumVisualStudioVersion = 10.0.40219.1
Project("{FAE04EC0-301F-11D3-BF4B-00C04F79EFBC}") = "POC_GraphQL", "POC_GraphQL\POC_GraphQL.csproj", "{0B3FE63B-8F01-4442-88B6-F5BED4C73FCE}"
EndProject
Global
	GlobalSection(SolutionConfigurationPlatforms) = preSolution
		Debug|Any CPU = Debug|Any CPU
		Release|Any CPU = Release|Any CPU
	EndGlobalSection
	GlobalSection(ProjectConfigurationPlatforms) = postSolution
		{0B3FE63B-8F01-4442-88B6-F5BED4C73FCE}.Debug|Any CPU.ActiveCfg = Debug|Any CPU
		{0B3FE63B-8F01-4442-88B6-F5BED4C73FCE}.Debug|Any CPU.Build.0 = Debug|Any CPU
		{0B3FE63B-8F01-4442-88B6-F5BED4C73FCE}.Release|Any CPU.ActiveCfg = Release|Any CPU
		{0B3FE63B-8F01-4442-88B6-F5BED4C73FCE}.Release|Any CPU.Build.0 = Release|Any CPU
	EndGlobalSection
	GlobalSection(SolutionProperties) = preSolution
		HideSolutionNode = FALSE
	EndGlobalSection
	GlobalSection(ExtensibilityGlobals) = postSolution
		SolutionGuid = {1858B9C3-8012-4520-87A1-A9C7628BB1E2}
	EndGlobalSection
EndGlobal
